
Microsoft Visual Studio Solution File, Format Version 12.00
# Visual Studio Express 2013 for Windows Desktop
VisualStudioVersion = 12.0.21005.1
MinimumVisualStudioVersion = 10.0.40219.1
Project("{FAE04EC0-301F-11D3-BF4B-00C04F79EFBC}") = "Dreetris", "Dreetris\Dreetris.csproj", "{9C53C4E2-CE40-4F4B-9E46-74E7E7DFDAFB}"
EndProject
Project("{FAE04EC0-301F-11D3-BF4B-00C04F79EFBC}") = "Dreetris_Content", "Dreetris_Content\Dreetris_Content\Dreetris_Content.csproj", "{3F1B6FEC-4270-45E0-8581-7775571C77F3}"
EndProject
Project("{FAE04EC0-301F-11D3-BF4B-00C04F79EFBC}") = "Dreetris_ContentContent", "Dreetris_Content\Dreetris_ContentContent\Dreetris_ContentContent.contentproj", "{3916E458-5347-4517-94BC-C1FB2D1BC344}"
EndProject
Global
	GlobalSection(SolutionConfigurationPlatforms) = preSolution
		Android|Any CPU = Android|Any CPU
		Android|Mixed Platforms = Android|Mixed Platforms
		Android|x86 = Android|x86
		Debug|Any CPU = Debug|Any CPU
		Debug|Mixed Platforms = Debug|Mixed Platforms
		Debug|x86 = Debug|x86
		iOS|Any CPU = iOS|Any CPU
		iOS|Mixed Platforms = iOS|Mixed Platforms
		iOS|x86 = iOS|x86
		Linux|Any CPU = Linux|Any CPU
		Linux|Mixed Platforms = Linux|Mixed Platforms
		Linux|x86 = Linux|x86
		OSX|Any CPU = OSX|Any CPU
		OSX|Mixed Platforms = OSX|Mixed Platforms
		OSX|x86 = OSX|x86
		PSM|Any CPU = PSM|Any CPU
		PSM|Mixed Platforms = PSM|Mixed Platforms
		PSM|x86 = PSM|x86
		Release|Any CPU = Release|Any CPU
		Release|Mixed Platforms = Release|Mixed Platforms
		Release|x86 = Release|x86
		Windows|Any CPU = Windows|Any CPU
		Windows|Mixed Platforms = Windows|Mixed Platforms
		Windows|x86 = Windows|x86
		Windows8|Any CPU = Windows8|Any CPU
		Windows8|Mixed Platforms = Windows8|Mixed Platforms
		Windows8|x86 = Windows8|x86
	EndGlobalSection
	GlobalSection(ProjectConfigurationPlatforms) = postSolution
		{9C53C4E2-CE40-4F4B-9E46-74E7E7DFDAFB}.Android|Any CPU.ActiveCfg = Release|x86
		{9C53C4E2-CE40-4F4B-9E46-74E7E7DFDAFB}.Android|Mixed Platforms.ActiveCfg = Release|x86
		{9C53C4E2-CE40-4F4B-9E46-74E7E7DFDAFB}.Android|Mixed Platforms.Build.0 = Release|x86
		{9C53C4E2-CE40-4F4B-9E46-74E7E7DFDAFB}.Android|x86.ActiveCfg = Release|x86
		{9C53C4E2-CE40-4F4B-9E46-74E7E7DFDAFB}.Android|x86.Build.0 = Release|x86
		{9C53C4E2-CE40-4F4B-9E46-74E7E7DFDAFB}.Debug|Any CPU.ActiveCfg = Debug|x86
		{9C53C4E2-CE40-4F4B-9E46-74E7E7DFDAFB}.Debug|Mixed Platforms.ActiveCfg = Debug|x86
		{9C53C4E2-CE40-4F4B-9E46-74E7E7DFDAFB}.Debug|Mixed Platforms.Build.0 = Debug|x86
		{9C53C4E2-CE40-4F4B-9E46-74E7E7DFDAFB}.Debug|x86.ActiveCfg = Debug|x86
		{9C53C4E2-CE40-4F4B-9E46-74E7E7DFDAFB}.Debug|x86.Build.0 = Debug|x86
		{9C53C4E2-CE40-4F4B-9E46-74E7E7DFDAFB}.iOS|Any CPU.ActiveCfg = Release|x86
		{9C53C4E2-CE40-4F4B-9E46-74E7E7DFDAFB}.iOS|Mixed Platforms.ActiveCfg = Release|x86
		{9C53C4E2-CE40-4F4B-9E46-74E7E7DFDAFB}.iOS|Mixed Platforms.Build.0 = Release|x86
		{9C53C4E2-CE40-4F4B-9E46-74E7E7DFDAFB}.iOS|x86.ActiveCfg = Release|x86
		{9C53C4E2-CE40-4F4B-9E46-74E7E7DFDAFB}.iOS|x86.Build.0 = Release|x86
		{9C53C4E2-CE40-4F4B-9E46-74E7E7DFDAFB}.Linux|Any CPU.ActiveCfg = Release|x86
		{9C53C4E2-CE40-4F4B-9E46-74E7E7DFDAFB}.Linux|Mixed Platforms.ActiveCfg = Release|x86
		{9C53C4E2-CE40-4F4B-9E46-74E7E7DFDAFB}.Linux|Mixed Platforms.Build.0 = Release|x86
		{9C53C4E2-CE40-4F4B-9E46-74E7E7DFDAFB}.Linux|x86.ActiveCfg = Release|x86
		{9C53C4E2-CE40-4F4B-9E46-74E7E7DFDAFB}.Linux|x86.Build.0 = Release|x86
		{9C53C4E2-CE40-4F4B-9E46-74E7E7DFDAFB}.OSX|Any CPU.ActiveCfg = Release|x86
		{9C53C4E2-CE40-4F4B-9E46-74E7E7DFDAFB}.OSX|Mixed Platforms.ActiveCfg = Release|x86
		{9C53C4E2-CE40-4F4B-9E46-74E7E7DFDAFB}.OSX|Mixed Platforms.Build.0 = Release|x86
		{9C53C4E2-CE40-4F4B-9E46-74E7E7DFDAFB}.OSX|x86.ActiveCfg = Release|x86
		{9C53C4E2-CE40-4F4B-9E46-74E7E7DFDAFB}.OSX|x86.Build.0 = Release|x86
		{9C53C4E2-CE40-4F4B-9E46-74E7E7DFDAFB}.PSM|Any CPU.ActiveCfg = Release|x86
		{9C53C4E2-CE40-4F4B-9E46-74E7E7DFDAFB}.PSM|Mixed Platforms.ActiveCfg = Release|x86
		{9C53C4E2-CE40-4F4B-9E46-74E7E7DFDAFB}.PSM|Mixed Platforms.Build.0 = Release|x86
		{9C53C4E2-CE40-4F4B-9E46-74E7E7DFDAFB}.PSM|x86.ActiveCfg = Release|x86
		{9C53C4E2-CE40-4F4B-9E46-74E7E7DFDAFB}.PSM|x86.Build.0 = Release|x86
		{9C53C4E2-CE40-4F4B-9E46-74E7E7DFDAFB}.Release|Any CPU.ActiveCfg = Release|x86
		{9C53C4E2-CE40-4F4B-9E46-74E7E7DFDAFB}.Release|Mixed Platforms.ActiveCfg = Release|x86
		{9C53C4E2-CE40-4F4B-9E46-74E7E7DFDAFB}.Release|Mixed Platforms.Build.0 = Release|x86
		{9C53C4E2-CE40-4F4B-9E46-74E7E7DFDAFB}.Release|x86.ActiveCfg = Release|x86
		{9C53C4E2-CE40-4F4B-9E46-74E7E7DFDAFB}.Release|x86.Build.0 = Release|x86
		{9C53C4E2-CE40-4F4B-9E46-74E7E7DFDAFB}.Windows|Any CPU.ActiveCfg = Release|x86
		{9C53C4E2-CE40-4F4B-9E46-74E7E7DFDAFB}.Windows|Mixed Platforms.ActiveCfg = Release|x86
		{9C53C4E2-CE40-4F4B-9E46-74E7E7DFDAFB}.Windows|Mixed Platforms.Build.0 = Release|x86
		{9C53C4E2-CE40-4F4B-9E46-74E7E7DFDAFB}.Windows|x86.ActiveCfg = Release|x86
		{9C53C4E2-CE40-4F4B-9E46-74E7E7DFDAFB}.Windows|x86.Build.0 = Release|x86
		{9C53C4E2-CE40-4F4B-9E46-74E7E7DFDAFB}.Windows8|Any CPU.ActiveCfg = Release|x86
		{9C53C4E2-CE40-4F4B-9E46-74E7E7DFDAFB}.Windows8|Mixed Platforms.ActiveCfg = Release|x86
		{9C53C4E2-CE40-4F4B-9E46-74E7E7DFDAFB}.Windows8|Mixed Platforms.Build.0 = Release|x86
		{9C53C4E2-CE40-4F4B-9E46-74E7E7DFDAFB}.Windows8|x86.ActiveCfg = Release|x86
		{9C53C4E2-CE40-4F4B-9E46-74E7E7DFDAFB}.Windows8|x86.Build.0 = Release|x86
		{3F1B6FEC-4270-45E0-8581-7775571C77F3}.Android|Any CPU.ActiveCfg = Android|Any CPU
		{3F1B6FEC-4270-45E0-8581-7775571C77F3}.Android|Any CPU.Build.0 = Android|Any CPU
		{3F1B6FEC-4270-45E0-8581-7775571C77F3}.Android|Mixed Platforms.ActiveCfg = Android|Any CPU
		{3F1B6FEC-4270-45E0-8581-7775571C77F3}.Android|Mixed Platforms.Build.0 = Android|Any CPU
		{3F1B6FEC-4270-45E0-8581-7775571C77F3}.Android|x86.ActiveCfg = Android|Any CPU
		{3F1B6FEC-4270-45E0-8581-7775571C77F3}.Debug|Any CPU.ActiveCfg = PSM|Any CPU
		{3F1B6FEC-4270-45E0-8581-7775571C77F3}.Debug|Any CPU.Build.0 = PSM|Any CPU
		{3F1B6FEC-4270-45E0-8581-7775571C77F3}.Debug|Mixed Platforms.ActiveCfg = PSM|Any CPU
		{3F1B6FEC-4270-45E0-8581-7775571C77F3}.Debug|Mixed Platforms.Build.0 = PSM|Any CPU
		{3F1B6FEC-4270-45E0-8581-7775571C77F3}.Debug|x86.ActiveCfg = PSM|Any CPU
		{3F1B6FEC-4270-45E0-8581-7775571C77F3}.iOS|Any CPU.ActiveCfg = iOS|Any CPU
		{3F1B6FEC-4270-45E0-8581-7775571C77F3}.iOS|Any CPU.Build.0 = iOS|Any CPU
		{3F1B6FEC-4270-45E0-8581-7775571C77F3}.iOS|Mixed Platforms.ActiveCfg = iOS|Any CPU
		{3F1B6FEC-4270-45E0-8581-7775571C77F3}.iOS|Mixed Platforms.Build.0 = iOS|Any CPU
		{3F1B6FEC-4270-45E0-8581-7775571C77F3}.iOS|x86.ActiveCfg = iOS|Any CPU
		{3F1B6FEC-4270-45E0-8581-7775571C77F3}.Linux|Any CPU.ActiveCfg = Linux|Any CPU
		{3F1B6FEC-4270-45E0-8581-7775571C77F3}.Linux|Any CPU.Build.0 = Linux|Any CPU
		{3F1B6FEC-4270-45E0-8581-7775571C77F3}.Linux|Mixed Platforms.ActiveCfg = Linux|Any CPU
		{3F1B6FEC-4270-45E0-8581-7775571C77F3}.Linux|Mixed Platforms.Build.0 = Linux|Any CPU
		{3F1B6FEC-4270-45E0-8581-7775571C77F3}.Linux|x86.ActiveCfg = Linux|Any CPU
		{3F1B6FEC-4270-45E0-8581-7775571C77F3}.OSX|Any CPU.ActiveCfg = OSX|Any CPU
		{3F1B6FEC-4270-45E0-8581-7775571C77F3}.OSX|Any CPU.Build.0 = OSX|Any CPU
		{3F1B6FEC-4270-45E0-8581-7775571C77F3}.OSX|Mixed Platforms.ActiveCfg = OSX|Any CPU
		{3F1B6FEC-4270-45E0-8581-7775571C77F3}.OSX|Mixed Platforms.Build.0 = OSX|Any CPU
		{3F1B6FEC-4270-45E0-8581-7775571C77F3}.OSX|x86.ActiveCfg = OSX|Any CPU
		{3F1B6FEC-4270-45E0-8581-7775571C77F3}.PSM|Any CPU.ActiveCfg = PSM|Any CPU
		{3F1B6FEC-4270-45E0-8581-7775571C77F3}.PSM|Any CPU.Build.0 = PSM|Any CPU
		{3F1B6FEC-4270-45E0-8581-7775571C77F3}.PSM|Mixed Platforms.ActiveCfg = PSM|Any CPU
		{3F1B6FEC-4270-45E0-8581-7775571C77F3}.PSM|Mixed Platforms.Build.0 = PSM|Any CPU
		{3F1B6FEC-4270-45E0-8581-7775571C77F3}.PSM|x86.ActiveCfg = PSM|Any CPU
		{3F1B6FEC-4270-45E0-8581-7775571C77F3}.Release|Any CPU.ActiveCfg = PSM|Any CPU
		{3F1B6FEC-4270-45E0-8581-7775571C77F3}.Release|Any CPU.Build.0 = PSM|Any CPU
		{3F1B6FEC-4270-45E0-8581-7775571C77F3}.Release|Mixed Platforms.ActiveCfg = PSM|Any CPU
		{3F1B6FEC-4270-45E0-8581-7775571C77F3}.Release|Mixed Platforms.Build.0 = PSM|Any CPU
		{3F1B6FEC-4270-45E0-8581-7775571C77F3}.Release|x86.ActiveCfg = PSM|Any CPU
		{3F1B6FEC-4270-45E0-8581-7775571C77F3}.Release|x86.Build.0 = PSM|Any CPU
		{3F1B6FEC-4270-45E0-8581-7775571C77F3}.Windows|Any CPU.ActiveCfg = Windows|Any CPU
		{3F1B6FEC-4270-45E0-8581-7775571C77F3}.Windows|Any CPU.Build.0 = Windows|Any CPU
		{3F1B6FEC-4270-45E0-8581-7775571C77F3}.Windows|Mixed Platforms.ActiveCfg = Windows|Any CPU
		{3F1B6FEC-4270-45E0-8581-7775571C77F3}.Windows|Mixed Platforms.Build.0 = Windows|Any CPU
		{3F1B6FEC-4270-45E0-8581-7775571C77F3}.Windows|x86.ActiveCfg = Windows|Any CPU
		{3F1B6FEC-4270-45E0-8581-7775571C77F3}.Windows8|Any CPU.ActiveCfg = Windows8|Any CPU
		{3F1B6FEC-4270-45E0-8581-7775571C77F3}.Windows8|Any CPU.Build.0 = Windows8|Any CPU
		{3F1B6FEC-4270-45E0-8581-7775571C77F3}.Windows8|Mixed Platforms.ActiveCfg = Windows8|Any CPU
		{3F1B6FEC-4270-45E0-8581-7775571C77F3}.Windows8|Mixed Platforms.Build.0 = Windows8|Any CPU
		{3F1B6FEC-4270-45E0-8581-7775571C77F3}.Windows8|x86.ActiveCfg = Windows8|Any CPU
		{3916E458-5347-4517-94BC-C1FB2D1BC344}.Android|Any CPU.ActiveCfg = Android|Any CPU
		{3916E458-5347-4517-94BC-C1FB2D1BC344}.Android|Mixed Platforms.ActiveCfg = Android|Any CPU
		{3916E458-5347-4517-94BC-C1FB2D1BC344}.Android|x86.ActiveCfg = Android|Any CPU
		{3916E458-5347-4517-94BC-C1FB2D1BC344}.Debug|Any CPU.ActiveCfg = PSM|Any CPU
		{3916E458-5347-4517-94BC-C1FB2D1BC344}.Debug|Mixed Platforms.ActiveCfg = PSM|Any CPU
		{3916E458-5347-4517-94BC-C1FB2D1BC344}.Debug|x86.ActiveCfg = PSM|Any CPU
		{3916E458-5347-4517-94BC-C1FB2D1BC344}.iOS|Any CPU.ActiveCfg = iOS|Any CPU
		{3916E458-5347-4517-94BC-C1FB2D1BC344}.iOS|Mixed Platforms.ActiveCfg = iOS|Any CPU
		{3916E458-5347-4517-94BC-C1FB2D1BC344}.iOS|x86.ActiveCfg = iOS|Any CPU
		{3916E458-5347-4517-94BC-C1FB2D1BC344}.Linux|Any CPU.ActiveCfg = Linux|Any CPU
		{3916E458-5347-4517-94BC-C1FB2D1BC344}.Linux|Mixed Platforms.ActiveCfg = Linux|Any CPU
		{3916E458-5347-4517-94BC-C1FB2D1BC344}.Linux|x86.ActiveCfg = Linux|Any CPU
		{3916E458-5347-4517-94BC-C1FB2D1BC344}.OSX|Any CPU.ActiveCfg = OSX|Any CPU
		{3916E458-5347-4517-94BC-C1FB2D1BC344}.OSX|Mixed Platforms.ActiveCfg = OSX|Any CPU
		{3916E458-5347-4517-94BC-C1FB2D1BC344}.OSX|x86.ActiveCfg = OSX|Any CPU
		{3916E458-5347-4517-94BC-C1FB2D1BC344}.PSM|Any CPU.ActiveCfg = PSM|Any CPU
		{3916E458-5347-4517-94BC-C1FB2D1BC344}.PSM|Mixed Platforms.ActiveCfg = PSM|Any CPU
		{3916E458-5347-4517-94BC-C1FB2D1BC344}.PSM|x86.ActiveCfg = PSM|Any CPU
		{3916E458-5347-4517-94BC-C1FB2D1BC344}.Release|Any CPU.ActiveCfg = PSM|Any CPU
		{3916E458-5347-4517-94BC-C1FB2D1BC344}.Release|Mixed Platforms.ActiveCfg = PSM|Any CPU
		{3916E458-5347-4517-94BC-C1FB2D1BC344}.Release|x86.ActiveCfg = PSM|Any CPU
		{3916E458-5347-4517-94BC-C1FB2D1BC344}.Windows|Any CPU.ActiveCfg = Windows|Any CPU
		{3916E458-5347-4517-94BC-C1FB2D1BC344}.Windows|Mixed Platforms.ActiveCfg = Windows|Any CPU
		{3916E458-5347-4517-94BC-C1FB2D1BC344}.Windows|x86.ActiveCfg = Windows|Any CPU
		{3916E458-5347-4517-94BC-C1FB2D1BC344}.Windows8|Any CPU.ActiveCfg = Windows8|Any CPU
		{3916E458-5347-4517-94BC-C1FB2D1BC344}.Windows8|Mixed Platforms.ActiveCfg = Windows8|Any CPU
		{3916E458-5347-4517-94BC-C1FB2D1BC344}.Windows8|x86.ActiveCfg = Windows8|Any CPU
	EndGlobalSection
	GlobalSection(SolutionProperties) = preSolution
		HideSolutionNode = FALSE
	EndGlobalSection
EndGlobal
